// !$*UTF8*$!
{
	archiveVersion = 1;
	classes = {
	};
	objectVersion = 46;
	objects = {

/* Begin PBXBuildFile section */
		5E1CEE011BE52D1D00D8A9F6 /* AppDelegate.swift in Sources */ = {isa = PBXBuildFile; fileRef = 5E1CEE001BE52D1D00D8A9F6 /* AppDelegate.swift */; };
		5E1CEE031BE52D1D00D8A9F6 /* GameScene.sks in Resources */ = {isa = PBXBuildFile; fileRef = 5E1CEE021BE52D1D00D8A9F6 /* GameScene.sks */; };
		5E1CEE051BE52D1D00D8A9F6 /* GameScene.swift in Sources */ = {isa = PBXBuildFile; fileRef = 5E1CEE041BE52D1D00D8A9F6 /* GameScene.swift */; };
		5E1CEE071BE52D1D00D8A9F6 /* GameViewController.swift in Sources */ = {isa = PBXBuildFile; fileRef = 5E1CEE061BE52D1D00D8A9F6 /* GameViewController.swift */; };
		5E1CEE0A1BE52D1D00D8A9F6 /* Main.storyboard in Resources */ = {isa = PBXBuildFile; fileRef = 5E1CEE081BE52D1D00D8A9F6 /* Main.storyboard */; };
		5E1CEE0C1BE52D1D00D8A9F6 /* Assets.xcassets in Resources */ = {isa = PBXBuildFile; fileRef = 5E1CEE0B1BE52D1D00D8A9F6 /* Assets.xcassets */; };
		5E1CEE0F1BE52D1D00D8A9F6 /* LaunchScreen.storyboard in Resources */ = {isa = PBXBuildFile; fileRef = 5E1CEE0D1BE52D1D00D8A9F6 /* LaunchScreen.storyboard */; };
		5E1CEE1A1BE52D1D00D8A9F6 /* Scan_the_DotsTests.swift in Sources */ = {isa = PBXBuildFile; fileRef = 5E1CEE191BE52D1D00D8A9F6 /* Scan_the_DotsTests.swift */; };
		5E1CEE251BE52D1E00D8A9F6 /* Scan_the_DotsUITests.swift in Sources */ = {isa = PBXBuildFile; fileRef = 5E1CEE241BE52D1E00D8A9F6 /* Scan_the_DotsUITests.swift */; };
		5E1CEE331BE54C2E00D8A9F6 /* CGFloatExtension.swift in Sources */ = {isa = PBXBuildFile; fileRef = 5E1CEE321BE54C2E00D8A9F6 /* CGFloatExtension.swift */; };
		5E1CEE351BE57C3B00D8A9F6 /* ColorChanger.swift in Sources */ = {isa = PBXBuildFile; fileRef = 5E1CEE341BE57C3B00D8A9F6 /* ColorChanger.swift */; };
		5E9466BC1BF771A5001FD0B9 /* AdSupport.framework in Frameworks */ = {isa = PBXBuildFile; fileRef = 5E9466BB1BF771A5001FD0B9 /* AdSupport.framework */; };
		5E9466BE1BF771AC001FD0B9 /* AudioToolbox.framework in Frameworks */ = {isa = PBXBuildFile; fileRef = 5E9466BD1BF771AC001FD0B9 /* AudioToolbox.framework */; };
		5E9466C01BF771BE001FD0B9 /* AVFoundation.framework in Frameworks */ = {isa = PBXBuildFile; fileRef = 5E9466BF1BF771BE001FD0B9 /* AVFoundation.framework */; };
		5E9466C21BF771E6001FD0B9 /* CoreGraphics.framework in Frameworks */ = {isa = PBXBuildFile; fileRef = 5E9466C11BF771E6001FD0B9 /* CoreGraphics.framework */; };
		5E9466C41BF77207001FD0B9 /* CoreMedia.framework in Frameworks */ = {isa = PBXBuildFile; fileRef = 5E9466C31BF77207001FD0B9 /* CoreMedia.framework */; };
		5E9466C61BF7720C001FD0B9 /* CoreTelephony.framework in Frameworks */ = {isa = PBXBuildFile; fileRef = 5E9466C51BF7720C001FD0B9 /* CoreTelephony.framework */; };
		5E9466C81BF77218001FD0B9 /* EventKit.framework in Frameworks */ = {isa = PBXBuildFile; fileRef = 5E9466C71BF77218001FD0B9 /* EventKit.framework */; };
		5E9466CA1BF7721D001FD0B9 /* EventKitUI.framework in Frameworks */ = {isa = PBXBuildFile; fileRef = 5E9466C91BF7721D001FD0B9 /* EventKitUI.framework */; };
		5E9466CC1BF77228001FD0B9 /* MessageUI.framework in Frameworks */ = {isa = PBXBuildFile; fileRef = 5E9466CB1BF77228001FD0B9 /* MessageUI.framework */; };
		5E9466CE1BF7722F001FD0B9 /* StoreKit.framework in Frameworks */ = {isa = PBXBuildFile; fileRef = 5E9466CD1BF7722F001FD0B9 /* StoreKit.framework */; };
		5E9466D01BF7723B001FD0B9 /* SystemConfiguration.framework in Frameworks */ = {isa = PBXBuildFile; fileRef = 5E9466CF1BF7723B001FD0B9 /* SystemConfiguration.framework */; };
		5E9466D81BF77E5C001FD0B9 /* GoogleMobileAds.framework in Frameworks */ = {isa = PBXBuildFile; fileRef = 5E9466D71BF77E5C001FD0B9 /* GoogleMobileAds.framework */; };
		5EA146331BE6C3D9000D38C2 /* sfx_point.mp3 in Resources */ = {isa = PBXBuildFile; fileRef = 5EA146321BE6C3D9000D38C2 /* sfx_point.mp3 */; };
		5EA146351BE6C6B5000D38C2 /* sfx_die.mp3 in Resources */ = {isa = PBXBuildFile; fileRef = 5EA146341BE6C6B5000D38C2 /* sfx_die.mp3 */; };
		5EA146371BE6CE9D000D38C2 /* GROBOLD.ttf in Resources */ = {isa = PBXBuildFile; fileRef = 5EA146361BE6CE9D000D38C2 /* GROBOLD.ttf */; };
		5EE13CEC1BE7EF05005B42A8 /* iAd.framework in Frameworks */ = {isa = PBXBuildFile; fileRef = 5EE13CEB1BE7EF05005B42A8 /* iAd.framework */; };
		5EE7B0591BF7A2EE0024DEA7 /* Chartboost.framework in Frameworks */ = {isa = PBXBuildFile; fileRef = 5EE7B0581BF7A2EE0024DEA7 /* Chartboost.framework */; };
		5EF90D391BF79F5100C1C01A /* Foundation.framework in Frameworks */ = {isa = PBXBuildFile; fileRef = 5EF90D381BF79F5100C1C01A /* Foundation.framework */; };
		5EF90D3B1BF79F5800C1C01A /* UIKit.framework in Frameworks */ = {isa = PBXBuildFile; fileRef = 5EF90D3A1BF79F5800C1C01A /* UIKit.framework */; };
		5EFB4F9E1BF37A9E008064C3 /* MenuViewController.swift in Sources */ = {isa = PBXBuildFile; fileRef = 5EFB4F9D1BF37A9E008064C3 /* MenuViewController.swift */; };
/* End PBXBuildFile section */

/* Begin PBXContainerItemProxy section */
		5E1CEE161BE52D1D00D8A9F6 /* PBXContainerItemProxy */ = {
			isa = PBXContainerItemProxy;
			containerPortal = 5E1CEDF51BE52D1D00D8A9F6 /* Project object */;
			proxyType = 1;
			remoteGlobalIDString = 5E1CEDFC1BE52D1D00D8A9F6;
			remoteInfo = "Scan the Dots";
		};
		5E1CEE211BE52D1E00D8A9F6 /* PBXContainerItemProxy */ = {
			isa = PBXContainerItemProxy;
			containerPortal = 5E1CEDF51BE52D1D00D8A9F6 /* Project object */;
			proxyType = 1;
			remoteGlobalIDString = 5E1CEDFC1BE52D1D00D8A9F6;
			remoteInfo = "Scan the Dots";
		};
/* End PBXContainerItemProxy section */

/* Begin PBXFileReference section */
		5E1CEDFD1BE52D1D00D8A9F6 /* Scan the Dots.app */ = {isa = PBXFileReference; explicitFileType = wrapper.application; includeInIndex = 0; path = "Scan the Dots.app"; sourceTree = BUILT_PRODUCTS_DIR; };
		5E1CEE001BE52D1D00D8A9F6 /* AppDelegate.swift */ = {isa = PBXFileReference; lastKnownFileType = sourcecode.swift; path = AppDelegate.swift; sourceTree = "<group>"; };
		5E1CEE021BE52D1D00D8A9F6 /* GameScene.sks */ = {isa = PBXFileReference; lastKnownFileType = file.sks; path = GameScene.sks; sourceTree = "<group>"; };
		5E1CEE041BE52D1D00D8A9F6 /* GameScene.swift */ = {isa = PBXFileReference; lastKnownFileType = sourcecode.swift; path = GameScene.swift; sourceTree = "<group>"; };
		5E1CEE061BE52D1D00D8A9F6 /* GameViewController.swift */ = {isa = PBXFileReference; lastKnownFileType = sourcecode.swift; path = GameViewController.swift; sourceTree = "<group>"; };
		5E1CEE091BE52D1D00D8A9F6 /* Base */ = {isa = PBXFileReference; lastKnownFileType = file.storyboard; name = Base; path = Base.lproj/Main.storyboard; sourceTree = "<group>"; };
		5E1CEE0B1BE52D1D00D8A9F6 /* Assets.xcassets */ = {isa = PBXFileReference; lastKnownFileType = folder.assetcatalog; path = Assets.xcassets; sourceTree = "<group>"; };
		5E1CEE0E1BE52D1D00D8A9F6 /* Base */ = {isa = PBXFileReference; lastKnownFileType = file.storyboard; name = Base; path = Base.lproj/LaunchScreen.storyboard; sourceTree = "<group>"; };
		5E1CEE101BE52D1D00D8A9F6 /* Info.plist */ = {isa = PBXFileReference; lastKnownFileType = text.plist.xml; path = Info.plist; sourceTree = "<group>"; };
		5E1CEE151BE52D1D00D8A9F6 /* Scan the DotsTests.xctest */ = {isa = PBXFileReference; explicitFileType = wrapper.cfbundle; includeInIndex = 0; path = "Scan the DotsTests.xctest"; sourceTree = BUILT_PRODUCTS_DIR; };
		5E1CEE191BE52D1D00D8A9F6 /* Scan_the_DotsTests.swift */ = {isa = PBXFileReference; lastKnownFileType = sourcecode.swift; path = Scan_the_DotsTests.swift; sourceTree = "<group>"; };
		5E1CEE1B1BE52D1D00D8A9F6 /* Info.plist */ = {isa = PBXFileReference; lastKnownFileType = text.plist.xml; path = Info.plist; sourceTree = "<group>"; };
		5E1CEE201BE52D1E00D8A9F6 /* Scan the DotsUITests.xctest */ = {isa = PBXFileReference; explicitFileType = wrapper.cfbundle; includeInIndex = 0; path = "Scan the DotsUITests.xctest"; sourceTree = BUILT_PRODUCTS_DIR; };
		5E1CEE241BE52D1E00D8A9F6 /* Scan_the_DotsUITests.swift */ = {isa = PBXFileReference; lastKnownFileType = sourcecode.swift; path = Scan_the_DotsUITests.swift; sourceTree = "<group>"; };
		5E1CEE261BE52D1E00D8A9F6 /* Info.plist */ = {isa = PBXFileReference; lastKnownFileType = text.plist.xml; path = Info.plist; sourceTree = "<group>"; };
		5E1CEE321BE54C2E00D8A9F6 /* CGFloatExtension.swift */ = {isa = PBXFileReference; fileEncoding = 4; lastKnownFileType = sourcecode.swift; path = CGFloatExtension.swift; sourceTree = "<group>"; };
		5E1CEE341BE57C3B00D8A9F6 /* ColorChanger.swift */ = {isa = PBXFileReference; fileEncoding = 4; lastKnownFileType = sourcecode.swift; path = ColorChanger.swift; sourceTree = "<group>"; };
		5E9466BB1BF771A5001FD0B9 /* AdSupport.framework */ = {isa = PBXFileReference; lastKnownFileType = wrapper.framework; name = AdSupport.framework; path = System/Library/Frameworks/AdSupport.framework; sourceTree = SDKROOT; };
		5E9466BD1BF771AC001FD0B9 /* AudioToolbox.framework */ = {isa = PBXFileReference; lastKnownFileType = wrapper.framework; name = AudioToolbox.framework; path = System/Library/Frameworks/AudioToolbox.framework; sourceTree = SDKROOT; };
		5E9466BF1BF771BE001FD0B9 /* AVFoundation.framework */ = {isa = PBXFileReference; lastKnownFileType = wrapper.framework; name = AVFoundation.framework; path = System/Library/Frameworks/AVFoundation.framework; sourceTree = SDKROOT; };
		5E9466C11BF771E6001FD0B9 /* CoreGraphics.framework */ = {isa = PBXFileReference; lastKnownFileType = wrapper.framework; name = CoreGraphics.framework; path = System/Library/Frameworks/CoreGraphics.framework; sourceTree = SDKROOT; };
		5E9466C31BF77207001FD0B9 /* CoreMedia.framework */ = {isa = PBXFileReference; lastKnownFileType = wrapper.framework; name = CoreMedia.framework; path = System/Library/Frameworks/CoreMedia.framework; sourceTree = SDKROOT; };
		5E9466C51BF7720C001FD0B9 /* CoreTelephony.framework */ = {isa = PBXFileReference; lastKnownFileType = wrapper.framework; name = CoreTelephony.framework; path = System/Library/Frameworks/CoreTelephony.framework; sourceTree = SDKROOT; };
		5E9466C71BF77218001FD0B9 /* EventKit.framework */ = {isa = PBXFileReference; lastKnownFileType = wrapper.framework; name = EventKit.framework; path = System/Library/Frameworks/EventKit.framework; sourceTree = SDKROOT; };
		5E9466C91BF7721D001FD0B9 /* EventKitUI.framework */ = {isa = PBXFileReference; lastKnownFileType = wrapper.framework; name = EventKitUI.framework; path = System/Library/Frameworks/EventKitUI.framework; sourceTree = SDKROOT; };
		5E9466CB1BF77228001FD0B9 /* MessageUI.framework */ = {isa = PBXFileReference; lastKnownFileType = wrapper.framework; name = MessageUI.framework; path = System/Library/Frameworks/MessageUI.framework; sourceTree = SDKROOT; };
		5E9466CD1BF7722F001FD0B9 /* StoreKit.framework */ = {isa = PBXFileReference; lastKnownFileType = wrapper.framework; name = StoreKit.framework; path = System/Library/Frameworks/StoreKit.framework; sourceTree = SDKROOT; };
		5E9466CF1BF7723B001FD0B9 /* SystemConfiguration.framework */ = {isa = PBXFileReference; lastKnownFileType = wrapper.framework; name = SystemConfiguration.framework; path = System/Library/Frameworks/SystemConfiguration.framework; sourceTree = SDKROOT; };
		5E9466D71BF77E5C001FD0B9 /* GoogleMobileAds.framework */ = {isa = PBXFileReference; lastKnownFileType = wrapper.framework; path = GoogleMobileAds.framework; sourceTree = "<group>"; };
		5EA146321BE6C3D9000D38C2 /* sfx_point.mp3 */ = {isa = PBXFileReference; lastKnownFileType = audio.mp3; path = sfx_point.mp3; sourceTree = "<group>"; };
		5EA146341BE6C6B5000D38C2 /* sfx_die.mp3 */ = {isa = PBXFileReference; lastKnownFileType = audio.mp3; path = sfx_die.mp3; sourceTree = "<group>"; };
		5EA146361BE6CE9D000D38C2 /* GROBOLD.ttf */ = {isa = PBXFileReference; lastKnownFileType = file; path = GROBOLD.ttf; sourceTree = "<group>"; };
		5EE13CEB1BE7EF05005B42A8 /* iAd.framework */ = {isa = PBXFileReference; lastKnownFileType = wrapper.framework; name = iAd.framework; path = System/Library/Frameworks/iAd.framework; sourceTree = SDKROOT; };
		5EE7B0581BF7A2EE0024DEA7 /* Chartboost.framework */ = {isa = PBXFileReference; lastKnownFileType = wrapper.framework; path = Chartboost.framework; sourceTree = "<group>"; };
		5EF90D381BF79F5100C1C01A /* Foundation.framework */ = {isa = PBXFileReference; lastKnownFileType = wrapper.framework; name = Foundation.framework; path = System/Library/Frameworks/Foundation.framework; sourceTree = SDKROOT; };
		5EF90D3A1BF79F5800C1C01A /* UIKit.framework */ = {isa = PBXFileReference; lastKnownFileType = wrapper.framework; name = UIKit.framework; path = System/Library/Frameworks/UIKit.framework; sourceTree = SDKROOT; };
		5EF90D3C1BF79FF900C1C01A /* Header.h */ = {isa = PBXFileReference; fileEncoding = 4; lastKnownFileType = sourcecode.c.h; path = Header.h; sourceTree = "<group>"; };
		5EFB4F9D1BF37A9E008064C3 /* MenuViewController.swift */ = {isa = PBXFileReference; fileEncoding = 4; lastKnownFileType = sourcecode.swift; path = MenuViewController.swift; sourceTree = "<group>"; };
/* End PBXFileReference section */

/* Begin PBXFrameworksBuildPhase section */
		5E1CEDFA1BE52D1D00D8A9F6 /* Frameworks */ = {
			isa = PBXFrameworksBuildPhase;
			buildActionMask = 2147483647;
			files = (
				5EF90D3B1BF79F5800C1C01A /* UIKit.framework in Frameworks */,
				5EF90D391BF79F5100C1C01A /* Foundation.framework in Frameworks */,
				5E9466D01BF7723B001FD0B9 /* SystemConfiguration.framework in Frameworks */,
				5E9466CE1BF7722F001FD0B9 /* StoreKit.framework in Frameworks */,
				5E9466D81BF77E5C001FD0B9 /* GoogleMobileAds.framework in Frameworks */,
				5E9466CC1BF77228001FD0B9 /* MessageUI.framework in Frameworks */,
				5E9466CA1BF7721D001FD0B9 /* EventKitUI.framework in Frameworks */,
				5E9466C81BF77218001FD0B9 /* EventKit.framework in Frameworks */,
				5E9466C61BF7720C001FD0B9 /* CoreTelephony.framework in Frameworks */,
				5EE7B0591BF7A2EE0024DEA7 /* Chartboost.framework in Frameworks */,
				5E9466C41BF77207001FD0B9 /* CoreMedia.framework in Frameworks */,
				5E9466C21BF771E6001FD0B9 /* CoreGraphics.framework in Frameworks */,
				5E9466C01BF771BE001FD0B9 /* AVFoundation.framework in Frameworks */,
				5E9466BE1BF771AC001FD0B9 /* AudioToolbox.framework in Frameworks */,
				5E9466BC1BF771A5001FD0B9 /* AdSupport.framework in Frameworks */,
				5EE13CEC1BE7EF05005B42A8 /* iAd.framework in Frameworks */,
			);
			runOnlyForDeploymentPostprocessing = 0;
		};
		5E1CEE121BE52D1D00D8A9F6 /* Frameworks */ = {
			isa = PBXFrameworksBuildPhase;
			buildActionMask = 2147483647;
			files = (
			);
			runOnlyForDeploymentPostprocessing = 0;
		};
		5E1CEE1D1BE52D1E00D8A9F6 /* Frameworks */ = {
			isa = PBXFrameworksBuildPhase;
			buildActionMask = 2147483647;
			files = (
			);
			runOnlyForDeploymentPostprocessing = 0;
		};
/* End PBXFrameworksBuildPhase section */

/* Begin PBXGroup section */
		5E1CEDF41BE52D1D00D8A9F6 = {
			isa = PBXGroup;
			children = (
				5EE7B0581BF7A2EE0024DEA7 /* Chartboost.framework */,
				5EF90D3A1BF79F5800C1C01A /* UIKit.framework */,
				5EF90D381BF79F5100C1C01A /* Foundation.framework */,
				5E9466D71BF77E5C001FD0B9 /* GoogleMobileAds.framework */,
				5E9466CF1BF7723B001FD0B9 /* SystemConfiguration.framework */,
				5E9466CD1BF7722F001FD0B9 /* StoreKit.framework */,
				5E9466CB1BF77228001FD0B9 /* MessageUI.framework */,
				5E9466C91BF7721D001FD0B9 /* EventKitUI.framework */,
				5E9466C71BF77218001FD0B9 /* EventKit.framework */,
				5E9466C51BF7720C001FD0B9 /* CoreTelephony.framework */,
				5E9466C31BF77207001FD0B9 /* CoreMedia.framework */,
				5E9466C11BF771E6001FD0B9 /* CoreGraphics.framework */,
				5E9466BF1BF771BE001FD0B9 /* AVFoundation.framework */,
				5E9466BD1BF771AC001FD0B9 /* AudioToolbox.framework */,
				5E9466BB1BF771A5001FD0B9 /* AdSupport.framework */,
				5EE13CEB1BE7EF05005B42A8 /* iAd.framework */,
				5E1CEDFF1BE52D1D00D8A9F6 /* Scan the Dots */,
				5E1CEE181BE52D1D00D8A9F6 /* Scan the DotsTests */,
				5E1CEE231BE52D1E00D8A9F6 /* Scan the DotsUITests */,
				5E1CEDFE1BE52D1D00D8A9F6 /* Products */,
			);
			sourceTree = "<group>";
		};
		5E1CEDFE1BE52D1D00D8A9F6 /* Products */ = {
			isa = PBXGroup;
			children = (
				5E1CEDFD1BE52D1D00D8A9F6 /* Scan the Dots.app */,
				5E1CEE151BE52D1D00D8A9F6 /* Scan the DotsTests.xctest */,
				5E1CEE201BE52D1E00D8A9F6 /* Scan the DotsUITests.xctest */,
			);
			name = Products;
			sourceTree = "<group>";
		};
		5E1CEDFF1BE52D1D00D8A9F6 /* Scan the Dots */ = {
			isa = PBXGroup;
			children = (
				5E1CEE001BE52D1D00D8A9F6 /* AppDelegate.swift */,
				5E1CEE021BE52D1D00D8A9F6 /* GameScene.sks */,
				5E1CEE041BE52D1D00D8A9F6 /* GameScene.swift */,
				5E1CEE061BE52D1D00D8A9F6 /* GameViewController.swift */,
				5EFB4F9D1BF37A9E008064C3 /* MenuViewController.swift */,
				5E1CEE321BE54C2E00D8A9F6 /* CGFloatExtension.swift */,
				5E1CEE341BE57C3B00D8A9F6 /* ColorChanger.swift */,
				5E1CEE081BE52D1D00D8A9F6 /* Main.storyboard */,
				5EA146321BE6C3D9000D38C2 /* sfx_point.mp3 */,
				5EA146341BE6C6B5000D38C2 /* sfx_die.mp3 */,
				5EA146361BE6CE9D000D38C2 /* GROBOLD.ttf */,
				5E1CEE0B1BE52D1D00D8A9F6 /* Assets.xcassets */,
				5E1CEE0D1BE52D1D00D8A9F6 /* LaunchScreen.storyboard */,
				5E1CEE101BE52D1D00D8A9F6 /* Info.plist */,
				5EF90D3C1BF79FF900C1C01A /* Header.h */,
			);
			path = "Scan the Dots";
			sourceTree = "<group>";
		};
		5E1CEE181BE52D1D00D8A9F6 /* Scan the DotsTests */ = {
			isa = PBXGroup;
			children = (
				5E1CEE191BE52D1D00D8A9F6 /* Scan_the_DotsTests.swift */,
				5E1CEE1B1BE52D1D00D8A9F6 /* Info.plist */,
			);
			path = "Scan the DotsTests";
			sourceTree = "<group>";
		};
		5E1CEE231BE52D1E00D8A9F6 /* Scan the DotsUITests */ = {
			isa = PBXGroup;
			children = (
				5E1CEE241BE52D1E00D8A9F6 /* Scan_the_DotsUITests.swift */,
				5E1CEE261BE52D1E00D8A9F6 /* Info.plist */,
			);
			path = "Scan the DotsUITests";
			sourceTree = "<group>";
		};
/* End PBXGroup section */

/* Begin PBXNativeTarget section */
		5E1CEDFC1BE52D1D00D8A9F6 /* Scan the Dots */ = {
			isa = PBXNativeTarget;
			buildConfigurationList = 5E1CEE291BE52D1E00D8A9F6 /* Build configuration list for PBXNativeTarget "Scan the Dots" */;
			buildPhases = (
				5E1CEDF91BE52D1D00D8A9F6 /* Sources */,
				5E1CEDFA1BE52D1D00D8A9F6 /* Frameworks */,
				5E1CEDFB1BE52D1D00D8A9F6 /* Resources */,
			);
			buildRules = (
			);
			dependencies = (
			);
			name = "Scan the Dots";
			productName = "Scan the Dots";
			productReference = 5E1CEDFD1BE52D1D00D8A9F6 /* Scan the Dots.app */;
			productType = "com.apple.product-type.application";
		};
		5E1CEE141BE52D1D00D8A9F6 /* Scan the DotsTests */ = {
			isa = PBXNativeTarget;
			buildConfigurationList = 5E1CEE2C1BE52D1E00D8A9F6 /* Build configuration list for PBXNativeTarget "Scan the DotsTests" */;
			buildPhases = (
				5E1CEE111BE52D1D00D8A9F6 /* Sources */,
				5E1CEE121BE52D1D00D8A9F6 /* Frameworks */,
				5E1CEE131BE52D1D00D8A9F6 /* Resources */,
			);
			buildRules = (
			);
			dependencies = (
				5E1CEE171BE52D1D00D8A9F6 /* PBXTargetDependency */,
			);
			name = "Scan the DotsTests";
			productName = "Scan the DotsTests";
			productReference = 5E1CEE151BE52D1D00D8A9F6 /* Scan the DotsTests.xctest */;
			productType = "com.apple.product-type.bundle.unit-test";
		};
		5E1CEE1F1BE52D1E00D8A9F6 /* Scan the DotsUITests */ = {
			isa = PBXNativeTarget;
			buildConfigurationList = 5E1CEE2F1BE52D1E00D8A9F6 /* Build configuration list for PBXNativeTarget "Scan the DotsUITests" */;
			buildPhases = (
				5E1CEE1C1BE52D1E00D8A9F6 /* Sources */,
				5E1CEE1D1BE52D1E00D8A9F6 /* Frameworks */,
				5E1CEE1E1BE52D1E00D8A9F6 /* Resources */,
			);
			buildRules = (
			);
			dependencies = (
				5E1CEE221BE52D1E00D8A9F6 /* PBXTargetDependency */,
			);
			name = "Scan the DotsUITests";
			productName = "Scan the DotsUITests";
			productReference = 5E1CEE201BE52D1E00D8A9F6 /* Scan the DotsUITests.xctest */;
			productType = "com.apple.product-type.bundle.ui-testing";
		};
/* End PBXNativeTarget section */

/* Begin PBXProject section */
		5E1CEDF51BE52D1D00D8A9F6 /* Project object */ = {
			isa = PBXProject;
			attributes = {
				LastSwiftUpdateCheck = 0710;
				LastUpgradeCheck = 0710;
				ORGANIZATIONNAME = "Tassilo Lechner von Leheneck";
				TargetAttributes = {
					5E1CEDFC1BE52D1D00D8A9F6 = {
						CreatedOnToolsVersion = 7.1;
						DevelopmentTeam = UF6UTM8ABH;
					};
					5E1CEE141BE52D1D00D8A9F6 = {
						CreatedOnToolsVersion = 7.1;
						TestTargetID = 5E1CEDFC1BE52D1D00D8A9F6;
					};
					5E1CEE1F1BE52D1E00D8A9F6 = {
						CreatedOnToolsVersion = 7.1;
						TestTargetID = 5E1CEDFC1BE52D1D00D8A9F6;
					};
				};
			};
			buildConfigurationList = 5E1CEDF81BE52D1D00D8A9F6 /* Build configuration list for PBXProject "Scan the Dots" */;
			compatibilityVersion = "Xcode 3.2";
			developmentRegion = English;
			hasScannedForEncodings = 0;
			knownRegions = (
				en,
				Base,
			);
			mainGroup = 5E1CEDF41BE52D1D00D8A9F6;
			productRefGroup = 5E1CEDFE1BE52D1D00D8A9F6 /* Products */;
			projectDirPath = "";
			projectRoot = "";
			targets = (
				5E1CEDFC1BE52D1D00D8A9F6 /* Scan the Dots */,
				5E1CEE141BE52D1D00D8A9F6 /* Scan the DotsTests */,
				5E1CEE1F1BE52D1E00D8A9F6 /* Scan the DotsUITests */,
			);
		};
/* End PBXProject section */

/* Begin PBXResourcesBuildPhase section */
		5E1CEDFB1BE52D1D00D8A9F6 /* Resources */ = {
			isa = PBXResourcesBuildPhase;
			buildActionMask = 2147483647;
			files = (
				5E1CEE031BE52D1D00D8A9F6 /* GameScene.sks in Resources */,
				5E1CEE0F1BE52D1D00D8A9F6 /* LaunchScreen.storyboard in Resources */,
				5E1CEE0C1BE52D1D00D8A9F6 /* Assets.xcassets in Resources */,
				5EA146331BE6C3D9000D38C2 /* sfx_point.mp3 in Resources */,
				5E1CEE0A1BE52D1D00D8A9F6 /* Main.storyboard in Resources */,
				5EA146351BE6C6B5000D38C2 /* sfx_die.mp3 in Resources */,
				5EA146371BE6CE9D000D38C2 /* GROBOLD.ttf in Resources */,
			);
			runOnlyForDeploymentPostprocessing = 0;
		};
		5E1CEE131BE52D1D00D8A9F6 /* Resources */ = {
			isa = PBXResourcesBuildPhase;
			buildActionMask = 2147483647;
			files = (
			);
			runOnlyForDeploymentPostprocessing = 0;
		};
		5E1CEE1E1BE52D1E00D8A9F6 /* Resources */ = {
			isa = PBXResourcesBuildPhase;
			buildActionMask = 2147483647;
			files = (
			);
			runOnlyForDeploymentPostprocessing = 0;
		};
/* End PBXResourcesBuildPhase section */

/* Begin PBXSourcesBuildPhase section */
		5E1CEDF91BE52D1D00D8A9F6 /* Sources */ = {
			isa = PBXSourcesBuildPhase;
			buildActionMask = 2147483647;
			files = (
				5E1CEE351BE57C3B00D8A9F6 /* ColorChanger.swift in Sources */,
				5EFB4F9E1BF37A9E008064C3 /* MenuViewController.swift in Sources */,
				5E1CEE051BE52D1D00D8A9F6 /* GameScene.swift in Sources */,
				5E1CEE071BE52D1D00D8A9F6 /* GameViewController.swift in Sources */,
				5E1CEE331BE54C2E00D8A9F6 /* CGFloatExtension.swift in Sources */,
				5E1CEE011BE52D1D00D8A9F6 /* AppDelegate.swift in Sources */,
			);
			runOnlyForDeploymentPostprocessing = 0;
		};
		5E1CEE111BE52D1D00D8A9F6 /* Sources */ = {
			isa = PBXSourcesBuildPhase;
			buildActionMask = 2147483647;
			files = (
				5E1CEE1A1BE52D1D00D8A9F6 /* Scan_the_DotsTests.swift in Sources */,
			);
			runOnlyForDeploymentPostprocessing = 0;
		};
		5E1CEE1C1BE52D1E00D8A9F6 /* Sources */ = {
			isa = PBXSourcesBuildPhase;
			buildActionMask = 2147483647;
			files = (
				5E1CEE251BE52D1E00D8A9F6 /* Scan_the_DotsUITests.swift in Sources */,
			);
			runOnlyForDeploymentPostprocessing = 0;
		};
/* End PBXSourcesBuildPhase section */

/* Begin PBXTargetDependency section */
		5E1CEE171BE52D1D00D8A9F6 /* PBXTargetDependency */ = {
			isa = PBXTargetDependency;
			target = 5E1CEDFC1BE52D1D00D8A9F6 /* Scan the Dots */;
			targetProxy = 5E1CEE161BE52D1D00D8A9F6 /* PBXContainerItemProxy */;
		};
		5E1CEE221BE52D1E00D8A9F6 /* PBXTargetDependency */ = {
			isa = PBXTargetDependency;
			target = 5E1CEDFC1BE52D1D00D8A9F6 /* Scan the Dots */;
			targetProxy = 5E1CEE211BE52D1E00D8A9F6 /* PBXContainerItemProxy */;
		};
/* End PBXTargetDependency section */

/* Begin PBXVariantGroup section */
		5E1CEE081BE52D1D00D8A9F6 /* Main.storyboard */ = {
			isa = PBXVariantGroup;
			children = (
				5E1CEE091BE52D1D00D8A9F6 /* Base */,
			);
			name = Main.storyboard;
			sourceTree = "<group>";
		};
		5E1CEE0D1BE52D1D00D8A9F6 /* LaunchScreen.storyboard */ = {
			isa = PBXVariantGroup;
			children = (
				5E1CEE0E1BE52D1D00D8A9F6 /* Base */,
			);
			name = LaunchScreen.storyboard;
			sourceTree = "<group>";
		};
/* End PBXVariantGroup section */

/* Begin XCBuildConfiguration section */
		5E1CEE271BE52D1E00D8A9F6 /* Debug */ = {
			isa = XCBuildConfiguration;
			buildSettings = {
				ALWAYS_SEARCH_USER_PATHS = NO;
				CLANG_CXX_LANGUAGE_STANDARD = "gnu++0x";
				CLANG_CXX_LIBRARY = "libc++";
				CLANG_ENABLE_MODULES = YES;
				CLANG_ENABLE_OBJC_ARC = YES;
				CLANG_WARN_BOOL_CONVERSION = YES;
				CLANG_WARN_CONSTANT_CONVERSION = YES;
				CLANG_WARN_DIRECT_OBJC_ISA_USAGE = YES_ERROR;
				CLANG_WARN_EMPTY_BODY = YES;
				CLANG_WARN_ENUM_CONVERSION = YES;
				CLANG_WARN_INT_CONVERSION = YES;
				CLANG_WARN_OBJC_ROOT_CLASS = YES_ERROR;
				CLANG_WARN_UNREACHABLE_CODE = YES;
				CLANG_WARN__DUPLICATE_METHOD_MATCH = YES;
				CODE_SIGN_IDENTITY = "iPhone Developer";
				"CODE_SIGN_IDENTITY[sdk=iphoneos*]" = "iPhone Developer";
				COPY_PHASE_STRIP = NO;
				DEBUG_INFORMATION_FORMAT = dwarf;
				ENABLE_BITCODE = NO;
				ENABLE_STRICT_OBJC_MSGSEND = YES;
				ENABLE_TESTABILITY = YES;
				GCC_C_LANGUAGE_STANDARD = gnu99;
				GCC_DYNAMIC_NO_PIC = NO;
				GCC_NO_COMMON_BLOCKS = YES;
				GCC_OPTIMIZATION_LEVEL = 0;
				GCC_PREPROCESSOR_DEFINITIONS = (
					"DEBUG=1",
					"$(inherited)",
				);
				GCC_WARN_64_TO_32_BIT_CONVERSION = YES;
				GCC_WARN_ABOUT_RETURN_TYPE = YES_ERROR;
				GCC_WARN_UNDECLARED_SELECTOR = YES;
				GCC_WARN_UNINITIALIZED_AUTOS = YES_AGGRESSIVE;
				GCC_WARN_UNUSED_FUNCTION = YES;
				GCC_WARN_UNUSED_VARIABLE = YES;
				IPHONEOS_DEPLOYMENT_TARGET = 9.0;
				MTL_ENABLE_DEBUG_INFO = YES;
				ONLY_ACTIVE_ARCH = YES;
				PROVISIONING_PROFILE = "";
				SDKROOT = iphoneos;
				SWIFT_OPTIMIZATION_LEVEL = "-Onone";
				TARGETED_DEVICE_FAMILY = 1;
			};
			name = Debug;
		};
		5E1CEE281BE52D1E00D8A9F6 /* Release */ = {
			isa = XCBuildConfiguration;
			buildSettings = {
				ALWAYS_SEARCH_USER_PATHS = NO;
				CLANG_CXX_LANGUAGE_STANDARD = "gnu++0x";
				CLANG_CXX_LIBRARY = "libc++";
				CLANG_ENABLE_MODULES = YES;
				CLANG_ENABLE_OBJC_ARC = YES;
				CLANG_WARN_BOOL_CONVERSION = YES;
				CLANG_WARN_CONSTANT_CONVERSION = YES;
				CLANG_WARN_DIRECT_OBJC_ISA_USAGE = YES_ERROR;
				CLANG_WARN_EMPTY_BODY = YES;
				CLANG_WARN_ENUM_CONVERSION = YES;
				CLANG_WARN_INT_CONVERSION = YES;
				CLANG_WARN_OBJC_ROOT_CLASS = YES_ERROR;
				CLANG_WARN_UNREACHABLE_CODE = YES;
				CLANG_WARN__DUPLICATE_METHOD_MATCH = YES;
				CODE_SIGN_IDENTITY = "iPhone Developer";
				"CODE_SIGN_IDENTITY[sdk=iphoneos*]" = "iPhone Developer";
				COPY_PHASE_STRIP = NO;
				DEBUG_INFORMATION_FORMAT = "dwarf-with-dsym";
				ENABLE_BITCODE = NO;
				ENABLE_NS_ASSERTIONS = NO;
				ENABLE_STRICT_OBJC_MSGSEND = YES;
				GCC_C_LANGUAGE_STANDARD = gnu99;
				GCC_NO_COMMON_BLOCKS = YES;
				GCC_WARN_64_TO_32_BIT_CONVERSION = YES;
				GCC_WARN_ABOUT_RETURN_TYPE = YES_ERROR;
				GCC_WARN_UNDECLARED_SELECTOR = YES;
				GCC_WARN_UNINITIALIZED_AUTOS = YES_AGGRESSIVE;
				GCC_WARN_UNUSED_FUNCTION = YES;
				GCC_WARN_UNUSED_VARIABLE = YES;
				IPHONEOS_DEPLOYMENT_TARGET = 9.0;
				MTL_ENABLE_DEBUG_INFO = NO;
				PROVISIONING_PROFILE = "";
				SDKROOT = iphoneos;
				TARGETED_DEVICE_FAMILY = 1;
				VALIDATE_PRODUCT = YES;
			};
			name = Release;
		};
		5E1CEE2A1BE52D1E00D8A9F6 /* Debug */ = {
			isa = XCBuildConfiguration;
			buildSettings = {
				ASSETCATALOG_COMPILER_APPICON_NAME = AppIcon;
				CODE_SIGN_IDENTITY = "iPhone Developer";
				"CODE_SIGN_IDENTITY[sdk=iphoneos*]" = "iPhone Developer";
				ENABLE_BITCODE = NO;
				FRAMEWORK_SEARCH_PATHS = "$(SRCROOT)/**";
				INFOPLIST_FILE = "Scan the Dots/Info.plist";
				IPHONEOS_DEPLOYMENT_TARGET = 9.0;
				LD_RUNPATH_SEARCH_PATHS = "$(inherited) @executable_path/Frameworks";
				ONLY_ACTIVE_ARCH = YES;
				PRODUCT_BUNDLE_IDENTIFIER = "com.vonleheneck.Scan-the-Dots";
				PRODUCT_NAME = "$(TARGET_NAME)";
				PROVISIONING_PROFILE = "";
				SWIFT_OBJC_BRIDGING_HEADER = "/Users/TLL/Desktop/iOS Learn/My Apps/Scan the Dots/Scan the Dots/Header.h";
				TARGETED_DEVICE_FAMILY = 1;
			};
			name = Debug;
		};
		5E1CEE2B1BE52D1E00D8A9F6 /* Release */ = {
			isa = XCBuildConfiguration;
			buildSettings = {
				ASSETCATALOG_COMPILER_APPICON_NAME = AppIcon;
				CODE_SIGN_IDENTITY = "iPhone Developer";
				"CODE_SIGN_IDENTITY[sdk=iphoneos*]" = "iPhone Developer";
				ENABLE_BITCODE = NO;
				FRAMEWORK_SEARCH_PATHS = "$(SRCROOT)/**";
				INFOPLIST_FILE = "Scan the Dots/Info.plist";
				IPHONEOS_DEPLOYMENT_TARGET = 9.0;
				LD_RUNPATH_SEARCH_PATHS = "$(inherited) @executable_path/Frameworks";
				PRODUCT_BUNDLE_IDENTIFIER = "com.vonleheneck.Scan-the-Dots";
				PRODUCT_NAME = "$(TARGET_NAME)";
				PROVISIONING_PROFILE = "";
				SWIFT_OBJC_BRIDGING_HEADER = "/Users/TLL/Desktop/iOS Learn/My Apps/Scan the Dots/Scan the Dots/Header.h";
				TARGETED_DEVICE_FAMILY = 1;
			};
			name = Release;
		};
		5E1CEE2D1BE52D1E00D8A9F6 /* Debug */ = {
			isa = XCBuildConfiguration;
			buildSettings = {
				BUNDLE_LOADER = "$(TEST_HOST)";
				DEBUG_INFORMATION_FORMAT = dwarf;
				INFOPLIST_FILE = "Scan the DotsTests/Info.plist";
				LD_RUNPATH_SEARCH_PATHS = "$(inherited) @executable_path/Frameworks @loader_path/Frameworks";
				PRODUCT_BUNDLE_IDENTIFIER = "com.vonleheneck.Scan-the-DotsTests";
				PRODUCT_NAME = "$(TARGET_NAME)";
				TEST_HOST = "$(BUILT_PRODUCTS_DIR)/Scan the Dots.app/Scan the Dots";
			};
			name = Debug;
		};
		5E1CEE2E1BE52D1E00D8A9F6 /* Release */ = {
			isa = XCBuildConfiguration;
			buildSettings = {
				BUNDLE_LOADER = "$(TEST_HOST)";
				INFOPLIST_FILE = "Scan the DotsTests/Info.plist";
				LD_RUNPATH_SEARCH_PATHS = "$(inherited) @executable_path/Frameworks @loader_path/Frameworks";
				PRODUCT_BUNDLE_IDENTIFIER = "com.vonleheneck.Scan-the-DotsTests";
				PRODUCT_NAME = "$(TARGET_NAME)";
				TEST_HOST = "$(BUILT_PRODUCTS_DIR)/Scan the Dots.app/Scan the Dots";
			};
			name = Release;
		};
		5E1CEE301BE52D1E00D8A9F6 /* Debug */ = {
			isa = XCBuildConfiguration;
			buildSettings = {
				DEBUG_INFORMATION_FORMAT = dwarf;
				INFOPLIST_FILE = "Scan the DotsUITests/Info.plist";
				LD_RUNPATH_SEARCH_PATHS = "$(inherited) @executable_path/Frameworks @loader_path/Frameworks";
				PRODUCT_BUNDLE_IDENTIFIER = "com.vonleheneck.Scan-the-DotsUITests";
				PRODUCT_NAME = "$(TARGET_NAME)";
				TEST_TARGET_NAME = "Scan the Dots";
				USES_XCTRUNNER = YES;
			};
			name = Debug;
		};
		5E1CEE311BE52D1E00D8A9F6 /* Release */ = {
			isa = XCBuildConfiguration;
			buildSettings = {
				INFOPLIST_FILE = "Scan the DotsUITests/Info.plist";
				LD_RUNPATH_SEARCH_PATHS = "$(inherited) @executable_path/Frameworks @loader_path/Frameworks";
				PRODUCT_BUNDLE_IDENTIFIER = "com.vonleheneck.Scan-the-DotsUITests";
				PRODUCT_NAME = "$(TARGET_NAME)";
				TEST_TARGET_NAME = "Scan the Dots";
				USES_XCTRUNNER = YES;
			};
			name = Release;
		};
/* End XCBuildConfiguration section */

/* Begin XCConfigurationList section */
		5E1CEDF81BE52D1D00D8A9F6 /* Build configuration list for PBXProject "Scan the Dots" */ = {
			isa = XCConfigurationList;
			buildConfigurations = (
				5E1CEE271BE52D1E00D8A9F6 /* Debug */,
				5E1CEE281BE52D1E00D8A9F6 /* Release */,
			);
			defaultConfigurationIsVisible = 0;
			defaultConfigurationName = Release;
		};
		5E1CEE291BE52D1E00D8A9F6 /* Build configuration list for PBXNativeTarget "Scan the Dots" */ = {
			isa = XCConfigurationList;
			buildConfigurations = (
				5E1CEE2A1BE52D1E00D8A9F6 /* Debug */,
				5E1CEE2B1BE52D1E00D8A9F6 /* Release */,
			);
			defaultConfigurationIsVisible = 0;
			defaultConfigurationName = Release;
		};
		5E1CEE2C1BE52D1E00D8A9F6 /* Build configuration list for PBXNativeTarget "Scan the DotsTests" */ = {
			isa = XCConfigurationList;
			buildConfigurations = (
				5E1CEE2D1BE52D1E00D8A9F6 /* Debug */,
				5E1CEE2E1BE52D1E00D8A9F6 /* Release */,
			);
			defaultConfigurationIsVisible = 0;
			defaultConfigurationName = Release;
		};
		5E1CEE2F1BE52D1E00D8A9F6 /* Build configuration list for PBXNativeTarget "Scan the DotsUITests" */ = {
			isa = XCConfigurationList;
			buildConfigurations = (
				5E1CEE301BE52D1E00D8A9F6 /* Debug */,
				5E1CEE311BE52D1E00D8A9F6 /* Release */,
			);
			defaultConfigurationIsVisible = 0;
			defaultConfigurationName = Release;
		};
/* End XCConfigurationList section */
	};
	rootObject = 5E1CEDF51BE52D1D00D8A9F6 /* Project object */;
}
